
Microsoft Visual Studio Solution File, Format Version 12.00
# Visual Studio 14
VisualStudioVersion = 14.0.23107.0
MinimumVisualStudioVersion = 10.0.40219.1
Project("{E24C65DC-7377-472B-9ABA-BC803B73C61A}") = "Neighbourhood map", ".", "{7EF85E87-FE21-48FC-910B-5571585326CD}"
	ProjectSection(WebsiteProperties) = preProject
		TargetFrameworkMoniker = ".NETFramework,Version%3Dv4.0"
		Debug.AspNetCompiler.VirtualPath = "/localhost_61963"
		Debug.AspNetCompiler.PhysicalPath = "..\Neighbourhood map\"
		Debug.AspNetCompiler.TargetPath = "PrecompiledWeb\localhost_61963\"
		Debug.AspNetCompiler.Updateable = "true"
		Debug.AspNetCompiler.ForceOverwrite = "true"
		Debug.AspNetCompiler.FixedNames = "false"
		Debug.AspNetCompiler.Debug = "True"
		Release.AspNetCompiler.VirtualPath = "/localhost_61963"
		Release.AspNetCompiler.PhysicalPath = "..\Neighbourhood map\"
		Release.AspNetCompiler.TargetPath = "PrecompiledWeb\localhost_61963\"
		Release.AspNetCompiler.Updateable = "true"
		Release.AspNetCompiler.ForceOverwrite = "true"
		Release.AspNetCompiler.FixedNames = "false"
		Release.AspNetCompiler.Debug = "False"
		VWDPort = "61963"
		SlnRelativePath = "..\Neighbourhood map\"
	EndProjectSection
EndProject
Global
	GlobalSection(SolutionConfigurationPlatforms) = preSolution
		Debug|Any CPU = Debug|Any CPU
	EndGlobalSection
	GlobalSection(ProjectConfigurationPlatforms) = postSolution
		{7EF85E87-FE21-48FC-910B-5571585326CD}.Debug|Any CPU.ActiveCfg = Debug|Any CPU
		{7EF85E87-FE21-48FC-910B-5571585326CD}.Debug|Any CPU.Build.0 = Debug|Any CPU
	EndGlobalSection
	GlobalSection(SolutionProperties) = preSolution
		HideSolutionNode = FALSE
	EndGlobalSection
EndGlobal
